
Microsoft Visual Studio Solution File, Format Version 12.00
# Visual Studio Version 17
VisualStudioVersion = 17.1.32210.238
MinimumVisualStudioVersion = 10.0.40219.1
Project("{8BC9CEB8-8B4A-11D0-8D11-00A0C91BC942}") = "test_1_20", "test_1_20\test_1_20.vcxproj", "{D1EDB831-D396-45AD-BF03-1C4B259AA8F4}"
EndProject
Global
	GlobalSection(SolutionConfigurationPlatforms) = preSolution
		Debug|x64 = Debug|x64
		Debug|x86 = Debug|x86
		Release|x64 = Release|x64
		Release|x86 = Release|x86
	EndGlobalSection
	GlobalSection(ProjectConfigurationPlatforms) = postSolution
		{D1EDB831-D396-45AD-BF03-1C4B259AA8F4}.Debug|x64.ActiveCfg = Debug|x64
		{D1EDB831-D396-45AD-BF03-1C4B259AA8F4}.Debug|x64.Build.0 = Debug|x64
		{D1EDB831-D396-45AD-BF03-1C4B259AA8F4}.Debug|x86.ActiveCfg = Debug|Win32
		{D1EDB831-D396-45AD-BF03-1C4B259AA8F4}.Debug|x86.Build.0 = Debug|Win32
		{D1EDB831-D396-45AD-BF03-1C4B259AA8F4}.Release|x64.ActiveCfg = Release|x64
		{D1EDB831-D396-45AD-BF03-1C4B259AA8F4}.Release|x64.Build.0 = Release|x64
		{D1EDB831-D396-45AD-BF03-1C4B259AA8F4}.Release|x86.ActiveCfg = Release|Win32
		{D1EDB831-D396-45AD-BF03-1C4B259AA8F4}.Release|x86.Build.0 = Release|Win32
	EndGlobalSection
	GlobalSection(SolutionProperties) = preSolution
		HideSolutionNode = FALSE
	EndGlobalSection
	GlobalSection(ExtensibilityGlobals) = postSolution
		SolutionGuid = {D76C8093-7163-46EC-937C-5CB06FD2367D}
	EndGlobalSection
EndGlobal
