
Microsoft Visual Studio Solution File, Format Version 12.00
# Visual Studio Version 17
VisualStudioVersion = 17.1.32210.238
MinimumVisualStudioVersion = 10.0.40219.1
Project("{8BC9CEB8-8B4A-11D0-8D11-00A0C91BC942}") = "test_3_2", "test_3_2\test_3_2.vcxproj", "{AA0F6715-C2A1-40C8-AA26-EDEEC24B5851}"
EndProject
Global
	GlobalSection(SolutionConfigurationPlatforms) = preSolution
		Debug|x64 = Debug|x64
		Debug|x86 = Debug|x86
		Release|x64 = Release|x64
		Release|x86 = Release|x86
	EndGlobalSection
	GlobalSection(ProjectConfigurationPlatforms) = postSolution
		{AA0F6715-C2A1-40C8-AA26-EDEEC24B5851}.Debug|x64.ActiveCfg = Debug|x64
		{AA0F6715-C2A1-40C8-AA26-EDEEC24B5851}.Debug|x64.Build.0 = Debug|x64
		{AA0F6715-C2A1-40C8-AA26-EDEEC24B5851}.Debug|x86.ActiveCfg = Debug|Win32
		{AA0F6715-C2A1-40C8-AA26-EDEEC24B5851}.Debug|x86.Build.0 = Debug|Win32
		{AA0F6715-C2A1-40C8-AA26-EDEEC24B5851}.Release|x64.ActiveCfg = Release|x64
		{AA0F6715-C2A1-40C8-AA26-EDEEC24B5851}.Release|x64.Build.0 = Release|x64
		{AA0F6715-C2A1-40C8-AA26-EDEEC24B5851}.Release|x86.ActiveCfg = Release|Win32
		{AA0F6715-C2A1-40C8-AA26-EDEEC24B5851}.Release|x86.Build.0 = Release|Win32
	EndGlobalSection
	GlobalSection(SolutionProperties) = preSolution
		HideSolutionNode = FALSE
	EndGlobalSection
	GlobalSection(ExtensibilityGlobals) = postSolution
		SolutionGuid = {668513C0-0E50-4A87-B59A-D9F674A31B62}
	EndGlobalSection
EndGlobal
